
Microsoft Visual Studio Solution File, Format Version 12.00
# Visual Studio Version 17
VisualStudioVersion = 17.7.34031.279
MinimumVisualStudioVersion = 10.0.40219.1
Project("{FAE04EC0-301F-11D3-BF4B-00C04F79EFBC}") = "Practica.02", "Practica.02\Practica.02.csproj", "{CEA93C6F-339A-44E8-8BFC-7775461B3815}"
EndProject
Global
	GlobalSection(SolutionConfigurationPlatforms) = preSolution
		Debug|Any CPU = Debug|Any CPU
		Release|Any CPU = Release|Any CPU
	EndGlobalSection
	GlobalSection(ProjectConfigurationPlatforms) = postSolution
		{CEA93C6F-339A-44E8-8BFC-7775461B3815}.Debug|Any CPU.ActiveCfg = Debug|Any CPU
		{CEA93C6F-339A-44E8-8BFC-7775461B3815}.Debug|Any CPU.Build.0 = Debug|Any CPU
		{CEA93C6F-339A-44E8-8BFC-7775461B3815}.Release|Any CPU.ActiveCfg = Release|Any CPU
		{CEA93C6F-339A-44E8-8BFC-7775461B3815}.Release|Any CPU.Build.0 = Release|Any CPU
	EndGlobalSection
	GlobalSection(SolutionProperties) = preSolution
		HideSolutionNode = FALSE
	EndGlobalSection
	GlobalSection(ExtensibilityGlobals) = postSolution
		SolutionGuid = {CFB72932-D56D-4345-ADEA-CD90D6E5406E}
	EndGlobalSection
EndGlobal
